
Microsoft Visual Studio Solution File, Format Version 12.00
# Visual Studio Version 16
VisualStudioVersion = 25.0.1706.1
MinimumVisualStudioVersion = 10.0.40219.1
Project("{FAE04EC0-301F-11D3-BF4B-00C04F79EFBC}") = "udemy", "udemy\udemy.csproj", "{0DE6DB9C-2753-4C78-AACC-30DAAB21CFA8}"
EndProject
Project("{FAE04EC0-301F-11D3-BF4B-00C04F79EFBC}") = "Web API", "Web API\Web API.csproj", "{883E47A3-E8FA-411D-A74C-615615B5F66F}"
EndProject
Global
	GlobalSection(SolutionConfigurationPlatforms) = preSolution
		Debug|Any CPU = Debug|Any CPU
		Release|Any CPU = Release|Any CPU
	EndGlobalSection
	GlobalSection(ProjectConfigurationPlatforms) = postSolution
		{0DE6DB9C-2753-4C78-AACC-30DAAB21CFA8}.Debug|Any CPU.ActiveCfg = Debug|Any CPU
		{0DE6DB9C-2753-4C78-AACC-30DAAB21CFA8}.Debug|Any CPU.Build.0 = Debug|Any CPU
		{0DE6DB9C-2753-4C78-AACC-30DAAB21CFA8}.Release|Any CPU.ActiveCfg = Release|Any CPU
		{0DE6DB9C-2753-4C78-AACC-30DAAB21CFA8}.Release|Any CPU.Build.0 = Release|Any CPU
		{883E47A3-E8FA-411D-A74C-615615B5F66F}.Debug|Any CPU.ActiveCfg = Debug|Any CPU
		{883E47A3-E8FA-411D-A74C-615615B5F66F}.Debug|Any CPU.Build.0 = Debug|Any CPU
		{883E47A3-E8FA-411D-A74C-615615B5F66F}.Release|Any CPU.ActiveCfg = Release|Any CPU
		{883E47A3-E8FA-411D-A74C-615615B5F66F}.Release|Any CPU.Build.0 = Release|Any CPU
	EndGlobalSection
	GlobalSection(SolutionProperties) = preSolution
		HideSolutionNode = FALSE
	EndGlobalSection
	GlobalSection(ExtensibilityGlobals) = postSolution
		SolutionGuid = {736D2045-42E6-493D-9219-B6F0245CCBE0}
	EndGlobalSection
EndGlobal
